<?xml version="1.0" encoding="UTF-8"?>
<Scheme
   version = "1.3">
   <BuildAction>
      <BuildActionEntries>
         <BuildActionEntry
            buildForRunning = "YES">
            <BuildableReference
               BuildableIdentifier = "primary"
               BlueprintIdentifier = "0B3ACB221A6FAE7A0080D72E"
               BuildableName = "ModularApp.app"
               BlueprintName = "ModularApp"
               ReferencedContainer = "container:ModularApp.xcodeproj">
            </BuildableReference>
         </BuildActionEntry>
      </BuildActionEntries>
   </BuildAction>
   <LaunchAction
      useCustomWorkingDirectory = "NO"
      buildConfiguration = "Debug">
      <BuildableProductRunnable>
         <BuildableReference
            BuildableIdentifier = "primary"
            BlueprintIdentifier = "0B3ACB221A6FAE7A0080D72E"
            BuildableName = "ModularApp.app"
            BlueprintName = "ModularApp"
            ReferencedContainer = "container:ModularApp.xcodeproj">
         </BuildableReference>
      </BuildableProductRunnable>
   </LaunchAction>
</Scheme>
