PODS:
  - Expecta (0.3.1)
  - ModularKit
  - ModularKitTests:
    - Expecta
    - ModularKit
    - OCMock
    - Specta
  - OCMock (3.1.2)
  - Specta (0.3.0.beta1)

DEPENDENCIES:
  - ModularKit (from `../ModularKit`)
  - ModularKitTests (from `../ModularKit`)
  - Specta (from `https://github.com/specta/specta`, commit `9371f3a3a2a4316efae04ebc135cdcf89086e975`)

EXTERNAL SOURCES:
  ModularKit:
    :path: ../ModularKit
  ModularKitTests:
    :path: ../ModularKit
  Specta:
    :commit: 9371f3a3a2a4316efae04ebc135cdcf89086e975
    :git: https://github.com/specta/specta

CHECKOUT OPTIONS:
  Specta:
    :commit: 9371f3a3a2a4316efae04ebc135cdcf89086e975
    :git: https://github.com/specta/specta

SPEC CHECKSUMS:
  Expecta: 03aabd0a89d8dea843baecb19a7fd7466a69a31d
  ModularKit: 87035492eaa07db8ab3a965c40b0c0dff5ddbe1c
  ModularKitTests: 5ef5dd1cafd36dd62bad292e56d01421153967c6
  OCMock: ecdd510b73ef397f2f97274785c1e87fd147c49f
  Specta: d2158a483ad179e5f8d3a29f75ff4fc0ff6fab16

COCOAPODS: 0.36.0.beta.1
