// !$*UTF8*$!
{
	archiveVersion = 1;
	classes = {
	};
	objectVersion = 46;
	objects = {

/* Begin PBXBuildFile section */
		0B399A1A1A6FECF100BE6483 /* LaunchScreen.xib in Resources */ = {isa = PBXBuildFile; fileRef = 0B399A141A6FECF100BE6483 /* LaunchScreen.xib */; };
		0B399A1B1A6FECF100BE6483 /* Main.storyboard in Resources */ = {isa = PBXBuildFile; fileRef = 0B399A161A6FECF100BE6483 /* Main.storyboard */; };
		0B399A1C1A6FECF100BE6483 /* Images.xcassets in Resources */ = {isa = PBXBuildFile; fileRef = 0B399A181A6FECF100BE6483 /* Images.xcassets */; };
		0B399A1D1A6FECF100BE6483 /* Info.plist in Resources */ = {isa = PBXBuildFile; fileRef = 0B399A191A6FECF100BE6483 /* Info.plist */; };
		0B399A231A6FECFA00BE6483 /* AppDelegate.m in Sources */ = {isa = PBXBuildFile; fileRef = 0B399A1F1A6FECFA00BE6483 /* AppDelegate.m */; };
		0B399A241A6FECFA00BE6483 /* main.m in Sources */ = {isa = PBXBuildFile; fileRef = 0B399A201A6FECFA00BE6483 /* main.m */; };
		0B399A251A6FECFA00BE6483 /* ViewController.m in Sources */ = {isa = PBXBuildFile; fileRef = 0B399A221A6FECFA00BE6483 /* ViewController.m */; };
/* End PBXBuildFile section */

/* Begin PBXContainerItemProxy section */
		0B3ACB3D1A6FAE7A0080D72E /* PBXContainerItemProxy */ = {
			isa = PBXContainerItemProxy;
			containerPortal = 0B3ACB1B1A6FAE7A0080D72E /* Project object */;
			proxyType = 1;
			remoteGlobalIDString = 0B3ACB221A6FAE7A0080D72E;
			remoteInfo = ModularApp;
		};
/* End PBXContainerItemProxy section */

/* Begin PBXFileReference section */
		0B399A151A6FECF100BE6483 /* Base */ = {isa = PBXFileReference; lastKnownFileType = file.xib; name = Base; path = LaunchScreen.xib; sourceTree = "<group>"; };
		0B399A171A6FECF100BE6483 /* Base */ = {isa = PBXFileReference; lastKnownFileType = file.storyboard; name = Base; path = Main.storyboard; sourceTree = "<group>"; };
		0B399A181A6FECF100BE6483 /* Images.xcassets */ = {isa = PBXFileReference; lastKnownFileType = folder.assetcatalog; name = Images.xcassets; path = Main/Resources/Images.xcassets; sourceTree = "<group>"; };
		0B399A191A6FECF100BE6483 /* Info.plist */ = {isa = PBXFileReference; fileEncoding = 4; lastKnownFileType = text.plist.xml; name = Info.plist; path = Main/Resources/Info.plist; sourceTree = "<group>"; };
		0B399A1E1A6FECFA00BE6483 /* AppDelegate.h */ = {isa = PBXFileReference; fileEncoding = 4; lastKnownFileType = sourcecode.c.h; name = AppDelegate.h; path = Main/Sources/AppDelegate.h; sourceTree = "<group>"; };
		0B399A1F1A6FECFA00BE6483 /* AppDelegate.m */ = {isa = PBXFileReference; fileEncoding = 4; lastKnownFileType = sourcecode.c.objc; name = AppDelegate.m; path = Main/Sources/AppDelegate.m; sourceTree = "<group>"; };
		0B399A201A6FECFA00BE6483 /* main.m */ = {isa = PBXFileReference; fileEncoding = 4; lastKnownFileType = sourcecode.c.objc; name = main.m; path = Main/Sources/main.m; sourceTree = "<group>"; };
		0B399A211A6FECFA00BE6483 /* ViewController.h */ = {isa = PBXFileReference; fileEncoding = 4; lastKnownFileType = sourcecode.c.h; name = ViewController.h; path = Main/Sources/ViewController.h; sourceTree = "<group>"; };
		0B399A221A6FECFA00BE6483 /* ViewController.m */ = {isa = PBXFileReference; fileEncoding = 4; lastKnownFileType = sourcecode.c.objc; name = ViewController.m; path = Main/Sources/ViewController.m; sourceTree = "<group>"; };
		0B3ACB231A6FAE7A0080D72E /* ModularApp.app */ = {isa = PBXFileReference; explicitFileType = wrapper.application; includeInIndex = 0; path = ModularApp.app; sourceTree = BUILT_PRODUCTS_DIR; };
		0B3ACB3C1A6FAE7A0080D72E /* ModularAppTests.xctest */ = {isa = PBXFileReference; explicitFileType = wrapper.cfbundle; includeInIndex = 0; path = ModularAppTests.xctest; sourceTree = BUILT_PRODUCTS_DIR; };
/* End PBXFileReference section */

/* Begin PBXFrameworksBuildPhase section */
		0B3ACB201A6FAE7A0080D72E /* Frameworks */ = {
			isa = PBXFrameworksBuildPhase;
			buildActionMask = 2147483647;
			files = (
			);
			runOnlyForDeploymentPostprocessing = 0;
		};
		0B3ACB391A6FAE7A0080D72E /* Frameworks */ = {
			isa = PBXFrameworksBuildPhase;
			buildActionMask = 2147483647;
			files = (
			);
			runOnlyForDeploymentPostprocessing = 0;
		};
/* End PBXFrameworksBuildPhase section */

/* Begin PBXGroup section */
		0B399A0F1A6FEC7E00BE6483 /* Main */ = {
			isa = PBXGroup;
			children = (
				0B399A121A6FECB100BE6483 /* Resources */,
				0B399A111A6FECAC00BE6483 /* Sources */,
			);
			name = Main;
			sourceTree = SOURCE_ROOT;
		};
		0B399A101A6FEC9600BE6483 /* Test */ = {
			isa = PBXGroup;
			children = (
			);
			name = Test;
			sourceTree = "<group>";
		};
		0B399A111A6FECAC00BE6483 /* Sources */ = {
			isa = PBXGroup;
			children = (
				0B5C712D1A6FEED000F3AF18 /* Supporting Files */,
				0B5C712C1A6FEEBA00F3AF18 /* AppDelegate */,
				0B399A211A6FECFA00BE6483 /* ViewController.h */,
				0B399A221A6FECFA00BE6483 /* ViewController.m */,
			);
			name = Sources;
			sourceTree = "<group>";
		};
		0B399A121A6FECB100BE6483 /* Resources */ = {
			isa = PBXGroup;
			children = (
				0B399A131A6FECF100BE6483 /* Base.lproj */,
				0B399A181A6FECF100BE6483 /* Images.xcassets */,
				0B399A191A6FECF100BE6483 /* Info.plist */,
			);
			name = Resources;
			sourceTree = "<group>";
		};
		0B399A131A6FECF100BE6483 /* Base.lproj */ = {
			isa = PBXGroup;
			children = (
				0B399A141A6FECF100BE6483 /* LaunchScreen.xib */,
				0B399A161A6FECF100BE6483 /* Main.storyboard */,
			);
			name = Base.lproj;
			path = Main/Resources/Base.lproj;
			sourceTree = "<group>";
		};
		0B3ACB1A1A6FAE7A0080D72E = {
			isa = PBXGroup;
			children = (
				0B399A101A6FEC9600BE6483 /* Test */,
				0B399A0F1A6FEC7E00BE6483 /* Main */,
				0B3ACB241A6FAE7A0080D72E /* Products */,
			);
			sourceTree = "<group>";
		};
		0B3ACB241A6FAE7A0080D72E /* Products */ = {
			isa = PBXGroup;
			children = (
				0B3ACB231A6FAE7A0080D72E /* ModularApp.app */,
				0B3ACB3C1A6FAE7A0080D72E /* ModularAppTests.xctest */,
			);
			name = Products;
			sourceTree = "<group>";
		};
		0B5C712C1A6FEEBA00F3AF18 /* AppDelegate */ = {
			isa = PBXGroup;
			children = (
				0B399A1E1A6FECFA00BE6483 /* AppDelegate.h */,
				0B399A1F1A6FECFA00BE6483 /* AppDelegate.m */,
			);
			name = AppDelegate;
			sourceTree = "<group>";
		};
		0B5C712D1A6FEED000F3AF18 /* Supporting Files */ = {
			isa = PBXGroup;
			children = (
				0B399A201A6FECFA00BE6483 /* main.m */,
			);
			name = "Supporting Files";
			sourceTree = "<group>";
		};
/* End PBXGroup section */

/* Begin PBXNativeTarget section */
		0B3ACB221A6FAE7A0080D72E /* ModularApp */ = {
			isa = PBXNativeTarget;
			buildConfigurationList = 0B3ACB461A6FAE7A0080D72E /* Build configuration list for PBXNativeTarget "ModularApp" */;
			buildPhases = (
				0B3ACB1F1A6FAE7A0080D72E /* Sources */,
				0B3ACB201A6FAE7A0080D72E /* Frameworks */,
				0B3ACB211A6FAE7A0080D72E /* Resources */,
			);
			buildRules = (
			);
			dependencies = (
			);
			name = ModularApp;
			productName = ModularApp;
			productReference = 0B3ACB231A6FAE7A0080D72E /* ModularApp.app */;
			productType = "com.apple.product-type.application";
		};
		0B3ACB3B1A6FAE7A0080D72E /* ModularAppTests */ = {
			isa = PBXNativeTarget;
			buildConfigurationList = 0B3ACB491A6FAE7A0080D72E /* Build configuration list for PBXNativeTarget "ModularAppTests" */;
			buildPhases = (
				0B3ACB381A6FAE7A0080D72E /* Sources */,
				0B3ACB391A6FAE7A0080D72E /* Frameworks */,
				0B3ACB3A1A6FAE7A0080D72E /* Resources */,
			);
			buildRules = (
			);
			dependencies = (
				0B3ACB3E1A6FAE7A0080D72E /* PBXTargetDependency */,
			);
			name = ModularAppTests;
			productName = ModularAppTests;
			productReference = 0B3ACB3C1A6FAE7A0080D72E /* ModularAppTests.xctest */;
			productType = "com.apple.product-type.bundle.unit-test";
		};
/* End PBXNativeTarget section */

/* Begin PBXProject section */
		0B3ACB1B1A6FAE7A0080D72E /* Project object */ = {
			isa = PBXProject;
			attributes = {
				LastUpgradeCheck = 0610;
				ORGANIZATIONNAME = "Hok Shun Poon";
				TargetAttributes = {
					0B3ACB221A6FAE7A0080D72E = {
						CreatedOnToolsVersion = 6.1.1;
					};
					0B3ACB3B1A6FAE7A0080D72E = {
						CreatedOnToolsVersion = 6.1.1;
					};
				};
			};
			buildConfigurationList = 0B3ACB1E1A6FAE7A0080D72E /* Build configuration list for PBXProject "ModularApp" */;
			compatibilityVersion = "Xcode 3.2";
			developmentRegion = English;
			hasScannedForEncodings = 0;
			knownRegions = (
				en,
				Base,
			);
			mainGroup = 0B3ACB1A1A6FAE7A0080D72E;
			productRefGroup = 0B3ACB241A6FAE7A0080D72E /* Products */;
			projectDirPath = "";
			projectRoot = "";
			targets = (
				0B3ACB221A6FAE7A0080D72E /* ModularApp */,
				0B3ACB3B1A6FAE7A0080D72E /* ModularAppTests */,
			);
		};
/* End PBXProject section */

/* Begin PBXResourcesBuildPhase section */
		0B3ACB211A6FAE7A0080D72E /* Resources */ = {
			isa = PBXResourcesBuildPhase;
			buildActionMask = 2147483647;
			files = (
				0B399A1D1A6FECF100BE6483 /* Info.plist in Resources */,
				0B399A1C1A6FECF100BE6483 /* Images.xcassets in Resources */,
				0B399A1A1A6FECF100BE6483 /* LaunchScreen.xib in Resources */,
				0B399A1B1A6FECF100BE6483 /* Main.storyboard in Resources */,
			);
			runOnlyForDeploymentPostprocessing = 0;
		};
		0B3ACB3A1A6FAE7A0080D72E /* Resources */ = {
			isa = PBXResourcesBuildPhase;
			buildActionMask = 2147483647;
			files = (
			);
			runOnlyForDeploymentPostprocessing = 0;
		};
/* End PBXResourcesBuildPhase section */

/* Begin PBXSourcesBuildPhase section */
		0B3ACB1F1A6FAE7A0080D72E /* Sources */ = {
			isa = PBXSourcesBuildPhase;
			buildActionMask = 2147483647;
			files = (
				0B399A251A6FECFA00BE6483 /* ViewController.m in Sources */,
				0B399A241A6FECFA00BE6483 /* main.m in Sources */,
				0B399A231A6FECFA00BE6483 /* AppDelegate.m in Sources */,
			);
			runOnlyForDeploymentPostprocessing = 0;
		};
		0B3ACB381A6FAE7A0080D72E /* Sources */ = {
			isa = PBXSourcesBuildPhase;
			buildActionMask = 2147483647;
			files = (
			);
			runOnlyForDeploymentPostprocessing = 0;
		};
/* End PBXSourcesBuildPhase section */

/* Begin PBXTargetDependency section */
		0B3ACB3E1A6FAE7A0080D72E /* PBXTargetDependency */ = {
			isa = PBXTargetDependency;
			target = 0B3ACB221A6FAE7A0080D72E /* ModularApp */;
			targetProxy = 0B3ACB3D1A6FAE7A0080D72E /* PBXContainerItemProxy */;
		};
/* End PBXTargetDependency section */

/* Begin PBXVariantGroup section */
		0B399A141A6FECF100BE6483 /* LaunchScreen.xib */ = {
			isa = PBXVariantGroup;
			children = (
				0B399A151A6FECF100BE6483 /* Base */,
			);
			name = LaunchScreen.xib;
			sourceTree = "<group>";
		};
		0B399A161A6FECF100BE6483 /* Main.storyboard */ = {
			isa = PBXVariantGroup;
			children = (
				0B399A171A6FECF100BE6483 /* Base */,
			);
			name = Main.storyboard;
			sourceTree = "<group>";
		};
/* End PBXVariantGroup section */

/* Begin XCBuildConfiguration section */
		0B3ACB441A6FAE7A0080D72E /* Debug */ = {
			isa = XCBuildConfiguration;
			buildSettings = {
				ALWAYS_SEARCH_USER_PATHS = NO;
				CLANG_CXX_LANGUAGE_STANDARD = "gnu++0x";
				CLANG_CXX_LIBRARY = "libc++";
				CLANG_ENABLE_MODULES = YES;
				CLANG_ENABLE_OBJC_ARC = YES;
				CLANG_WARN_BOOL_CONVERSION = YES;
				CLANG_WARN_CONSTANT_CONVERSION = YES;
				CLANG_WARN_DIRECT_OBJC_ISA_USAGE = YES_ERROR;
				CLANG_WARN_EMPTY_BODY = YES;
				CLANG_WARN_ENUM_CONVERSION = YES;
				CLANG_WARN_INT_CONVERSION = YES;
				CLANG_WARN_OBJC_ROOT_CLASS = YES_ERROR;
				CLANG_WARN_UNREACHABLE_CODE = YES;
				CLANG_WARN__DUPLICATE_METHOD_MATCH = YES;
				"CODE_SIGN_IDENTITY[sdk=iphoneos*]" = "iPhone Developer";
				COPY_PHASE_STRIP = NO;
				ENABLE_STRICT_OBJC_MSGSEND = YES;
				GCC_C_LANGUAGE_STANDARD = gnu99;
				GCC_DYNAMIC_NO_PIC = NO;
				GCC_OPTIMIZATION_LEVEL = 0;
				GCC_PREPROCESSOR_DEFINITIONS = (
					"DEBUG=1",
					"$(inherited)",
				);
				GCC_SYMBOLS_PRIVATE_EXTERN = NO;
				GCC_WARN_64_TO_32_BIT_CONVERSION = YES;
				GCC_WARN_ABOUT_RETURN_TYPE = YES_ERROR;
				GCC_WARN_UNDECLARED_SELECTOR = YES;
				GCC_WARN_UNINITIALIZED_AUTOS = YES_AGGRESSIVE;
				GCC_WARN_UNUSED_FUNCTION = YES;
				GCC_WARN_UNUSED_VARIABLE = YES;
				IPHONEOS_DEPLOYMENT_TARGET = 8.1;
				MTL_ENABLE_DEBUG_INFO = YES;
				ONLY_ACTIVE_ARCH = YES;
				SDKROOT = iphoneos;
				TARGETED_DEVICE_FAMILY = 2;
			};
			name = Debug;
		};
		0B3ACB451A6FAE7A0080D72E /* Release */ = {
			isa = XCBuildConfiguration;
			buildSettings = {
				ALWAYS_SEARCH_USER_PATHS = NO;
				CLANG_CXX_LANGUAGE_STANDARD = "gnu++0x";
				CLANG_CXX_LIBRARY = "libc++";
				CLANG_ENABLE_MODULES = YES;
				CLANG_ENABLE_OBJC_ARC = YES;
				CLANG_WARN_BOOL_CONVERSION = YES;
				CLANG_WARN_CONSTANT_CONVERSION = YES;
				CLANG_WARN_DIRECT_OBJC_ISA_USAGE = YES_ERROR;
				CLANG_WARN_EMPTY_BODY = YES;
				CLANG_WARN_ENUM_CONVERSION = YES;
				CLANG_WARN_INT_CONVERSION = YES;
				CLANG_WARN_OBJC_ROOT_CLASS = YES_ERROR;
				CLANG_WARN_UNREACHABLE_CODE = YES;
				CLANG_WARN__DUPLICATE_METHOD_MATCH = YES;
				"CODE_SIGN_IDENTITY[sdk=iphoneos*]" = "iPhone Developer";
				COPY_PHASE_STRIP = YES;
				ENABLE_NS_ASSERTIONS = NO;
				ENABLE_STRICT_OBJC_MSGSEND = YES;
				GCC_C_LANGUAGE_STANDARD = gnu99;
				GCC_WARN_64_TO_32_BIT_CONVERSION = YES;
				GCC_WARN_ABOUT_RETURN_TYPE = YES_ERROR;
				GCC_WARN_UNDECLARED_SELECTOR = YES;
				GCC_WARN_UNINITIALIZED_AUTOS = YES_AGGRESSIVE;
				GCC_WARN_UNUSED_FUNCTION = YES;
				GCC_WARN_UNUSED_VARIABLE = YES;
				IPHONEOS_DEPLOYMENT_TARGET = 8.1;
				MTL_ENABLE_DEBUG_INFO = NO;
				SDKROOT = iphoneos;
				TARGETED_DEVICE_FAMILY = 2;
				VALIDATE_PRODUCT = YES;
			};
			name = Release;
		};
		0B3ACB471A6FAE7A0080D72E /* Debug */ = {
			isa = XCBuildConfiguration;
			buildSettings = {
				ASSETCATALOG_COMPILER_APPICON_NAME = AppIcon;
				INFOPLIST_FILE = "$(SRCROOT)/Main/Resources/Info.plist";
				LD_RUNPATH_SEARCH_PATHS = "$(inherited) @executable_path/Frameworks";
				PRODUCT_NAME = "$(TARGET_NAME)";
			};
			name = Debug;
		};
		0B3ACB481A6FAE7A0080D72E /* Release */ = {
			isa = XCBuildConfiguration;
			buildSettings = {
				ASSETCATALOG_COMPILER_APPICON_NAME = AppIcon;
				INFOPLIST_FILE = "$(SRCROOT)/Main/Resources/Info.plist";
				LD_RUNPATH_SEARCH_PATHS = "$(inherited) @executable_path/Frameworks";
				PRODUCT_NAME = "$(TARGET_NAME)";
			};
			name = Release;
		};
		0B3ACB4A1A6FAE7A0080D72E /* Debug */ = {
			isa = XCBuildConfiguration;
			buildSettings = {
				FRAMEWORK_SEARCH_PATHS = (
					"$(SDKROOT)/Developer/Library/Frameworks",
					"$(inherited)",
				);
				GCC_PREPROCESSOR_DEFINITIONS = (
					"DEBUG=1",
					"$(inherited)",
				);
				INFOPLIST_FILE = "$(SRCROOT)/Test/Resources/Info.plist";
				LD_RUNPATH_SEARCH_PATHS = "$(inherited) @executable_path/Frameworks @loader_path/Frameworks";
				PRODUCT_NAME = "$(TARGET_NAME)";
			};
			name = Debug;
		};
		0B3ACB4B1A6FAE7A0080D72E /* Release */ = {
			isa = XCBuildConfiguration;
			buildSettings = {
				FRAMEWORK_SEARCH_PATHS = (
					"$(SDKROOT)/Developer/Library/Frameworks",
					"$(inherited)",
				);
				INFOPLIST_FILE = "$(SRCROOT)/Test/Resources/Info.plist";
				LD_RUNPATH_SEARCH_PATHS = "$(inherited) @executable_path/Frameworks @loader_path/Frameworks";
				PRODUCT_NAME = "$(TARGET_NAME)";
			};
			name = Release;
		};
/* End XCBuildConfiguration section */

/* Begin XCConfigurationList section */
		0B3ACB1E1A6FAE7A0080D72E /* Build configuration list for PBXProject "ModularApp" */ = {
			isa = XCConfigurationList;
			buildConfigurations = (
				0B3ACB441A6FAE7A0080D72E /* Debug */,
				0B3ACB451A6FAE7A0080D72E /* Release */,
			);
			defaultConfigurationIsVisible = 0;
			defaultConfigurationName = Release;
		};
		0B3ACB461A6FAE7A0080D72E /* Build configuration list for PBXNativeTarget "ModularApp" */ = {
			isa = XCConfigurationList;
			buildConfigurations = (
				0B3ACB471A6FAE7A0080D72E /* Debug */,
				0B3ACB481A6FAE7A0080D72E /* Release */,
			);
			defaultConfigurationIsVisible = 0;
			defaultConfigurationName = Release;
		};
		0B3ACB491A6FAE7A0080D72E /* Build configuration list for PBXNativeTarget "ModularAppTests" */ = {
			isa = XCConfigurationList;
			buildConfigurations = (
				0B3ACB4A1A6FAE7A0080D72E /* Debug */,
				0B3ACB4B1A6FAE7A0080D72E /* Release */,
			);
			defaultConfigurationIsVisible = 0;
			defaultConfigurationName = Release;
		};
/* End XCConfigurationList section */
	};
	rootObject = 0B3ACB1B1A6FAE7A0080D72E /* Project object */;
}
